
Microsoft Visual Studio Solution File, Format Version 12.00
# Visual Studio Version 17
VisualStudioVersion = 17.2.32519.379
MinimumVisualStudioVersion = 10.0.40219.1
Project("{FAE04EC0-301F-11D3-BF4B-00C04F79EFBC}") = "P01_StudentSystem", "P01_StudentSystem\P01_StudentSystem.csproj", "{C1CFA509-43B2-4735-A186-51E981ECF303}"
EndProject
Global
	GlobalSection(SolutionConfigurationPlatforms) = preSolution
		Debug|Any CPU = Debug|Any CPU
		Release|Any CPU = Release|Any CPU
	EndGlobalSection
	GlobalSection(ProjectConfigurationPlatforms) = postSolution
		{C1CFA509-43B2-4735-A186-51E981ECF303}.Debug|Any CPU.ActiveCfg = Debug|Any CPU
		{C1CFA509-43B2-4735-A186-51E981ECF303}.Debug|Any CPU.Build.0 = Debug|Any CPU
		{C1CFA509-43B2-4735-A186-51E981ECF303}.Release|Any CPU.ActiveCfg = Release|Any CPU
		{C1CFA509-43B2-4735-A186-51E981ECF303}.Release|Any CPU.Build.0 = Release|Any CPU
	EndGlobalSection
	GlobalSection(SolutionProperties) = preSolution
		HideSolutionNode = FALSE
	EndGlobalSection
	GlobalSection(ExtensibilityGlobals) = postSolution
		SolutionGuid = {00D97A25-4B92-420D-9519-DE62D7B17368}
	EndGlobalSection
EndGlobal
