
Microsoft Visual Studio Solution File, Format Version 12.00
# Visual Studio Version 17
VisualStudioVersion = 17.2.32519.379
MinimumVisualStudioVersion = 10.0.40219.1
Project("{FAE04EC0-301F-11D3-BF4B-00C04F79EFBC}") = "SoftUni", "SoftUni\SoftUni.csproj", "{5FE03D20-991E-4255-A381-01712C9AA916}"
EndProject
Global
	GlobalSection(SolutionConfigurationPlatforms) = preSolution
		Debug|Any CPU = Debug|Any CPU
		Release|Any CPU = Release|Any CPU
	EndGlobalSection
	GlobalSection(ProjectConfigurationPlatforms) = postSolution
		{5FE03D20-991E-4255-A381-01712C9AA916}.Debug|Any CPU.ActiveCfg = Debug|Any CPU
		{5FE03D20-991E-4255-A381-01712C9AA916}.Debug|Any CPU.Build.0 = Debug|Any CPU
		{5FE03D20-991E-4255-A381-01712C9AA916}.Release|Any CPU.ActiveCfg = Release|Any CPU
		{5FE03D20-991E-4255-A381-01712C9AA916}.Release|Any CPU.Build.0 = Release|Any CPU
	EndGlobalSection
	GlobalSection(SolutionProperties) = preSolution
		HideSolutionNode = FALSE
	EndGlobalSection
	GlobalSection(ExtensibilityGlobals) = postSolution
		SolutionGuid = {60FCD42F-B239-40E0-8F39-D628F7F61B77}
	EndGlobalSection
EndGlobal
